<?xml version="1.0" encoding="utf-8"?>
<Project ToolsVersion="4.0" xmlns="http://schemas.microsoft.com/developer/msbuild/2003">
  <ItemGroup>
    <Filter Include="Source Files">
      <UniqueIdentifier>{4FC737F1-C7A5-4376-A066-2A32D752A2FF}</UniqueIdentifier>
      <Extensions>cpp;c;cc;cxx;c++;cppm;ixx;def;odl;idl;hpj;bat;asm;asmx</Extensions>
    </Filter>
    <Filter Include="Header Files">
      <UniqueIdentifier>{93995380-89BD-4b04-88EB-625FBE52EBFB}</UniqueIdentifier>
      <Extensions>h;hh;hpp;hxx;h++;hm;inl;inc;ipp;xsd</Extensions>
    </Filter>
    <Filter Include="Resource Files">
      <UniqueIdentifier>{67DA6AB6-F800-4c08-8B7A-83BB121AAD01}</UniqueIdentifier>
      <Extensions>rc;ico;cur;bmp;dlg;rc2;rct;bin;rgs;gif;jpg;jpeg;jpe;resx;tiff;tif;png;wav;mfcribbon-ms</Extensions>
    </Filter>
    <Filter Include="Header Files\db">
      <UniqueIdentifier>{487094bd-4662-40a8-9d51-96340e92b6ad}</UniqueIdentifier>
    </Filter>
    <Filter Include="Source Files\db">
      <UniqueIdentifier>{2f441790-f775-46a9-8ed7-0f409b61ba9f}</UniqueIdentifier>
    </Filter>
    <Filter Include="Header Files\entity">
      <UniqueIdentifier>{2b82e247-4712-48da-90a0-81846f2a1d0f}</UniqueIdentifier>
    </Filter>
    <Filter Include="Source Files\entity">
      <UniqueIdentifier>{ebb30e4d-d3b5-4f2b-9ab4-c49e44a1594c}</UniqueIdentifier>
    </Filter>
    <Filter Include="Header Files\dao">
      <UniqueIdentifier>{4e11f557-1191-4b36-b18a-0e6b2156cab3}</UniqueIdentifier>
    </Filter>
    <Filter Include="Source Files\dao">
      <UniqueIdentifier>{9d7ca6df-63da-41c0-a8ee-bf3a048ccbd4}</UniqueIdentifier>
    </Filter>
    <Filter Include="Header Files\ui">
      <UniqueIdentifier>{e24e92f4-34ef-4158-9abc-f1d508413f81}</UniqueIdentifier>
    </Filter>
    <Filter Include="Source Files\ui">
      <UniqueIdentifier>{b043d420-4eed-416c-8ff4-59155399edfe}</UniqueIdentifier>
    </Filter>
  </ItemGroup>
  <ItemGroup>
    <ClCompile Include="project.cpp">
      <Filter>Source Files</Filter>
    </ClCompile>
    <ClCompile Include="DBStartup.h">
      <Filter>Header Files\db</Filter>
    </ClCompile>
    <ClCompile Include="DBStartup.cpp">
      <Filter>Source Files\db</Filter>
    </ClCompile>
    <ClCompile Include="DBConnection.cpp">
      <Filter>Source Files\db</Filter>
    </ClCompile>
    <ClCompile Include="Role.cpp">
      <Filter>Source Files\entity</Filter>
    </ClCompile>
    <ClCompile Include="Person.cpp">
      <Filter>Source Files\entity</Filter>
    </ClCompile>
    <ClCompile Include="Book.cpp">
      <Filter>Source Files\entity</Filter>
    </ClCompile>
    <ClCompile Include="Author.cpp">
      <Filter>Source Files\entity</Filter>
    </ClCompile>
    <ClCompile Include="BookAuthor.cpp">
      <Filter>Source Files\entity</Filter>
    </ClCompile>
    <ClCompile Include="Library.cpp">
      <Filter>Source Files\entity</Filter>
    </ClCompile>
    <ClCompile Include="Genre.cpp">
      <Filter>Source Files\entity</Filter>
    </ClCompile>
    <ClCompile Include="Loan.cpp">
      <Filter>Source Files\entity</Filter>
    </ClCompile>
    <ClCompile Include="PersonDAO.cpp">
      <Filter>Source Files\dao</Filter>
    </ClCompile>
    <ClCompile Include="RoleDAO.cpp">
      <Filter>Source Files\dao</Filter>
    </ClCompile>
    <ClCompile Include="AuthorDAO.cpp">
      <Filter>Source Files\dao</Filter>
    </ClCompile>
    <ClCompile Include="GenreDAO.cpp">
      <Filter>Source Files\dao</Filter>
    </ClCompile>
    <ClCompile Include="BookDAO.cpp">
      <Filter>Source Files\dao</Filter>
    </ClCompile>
    <ClCompile Include="BookAuthorDAO.cpp">
      <Filter>Source Files\dao</Filter>
    </ClCompile>
    <ClCompile Include="LibraryDAO.cpp">
      <Filter>Source Files\dao</Filter>
    </ClCompile>
    <ClCompile Include="LoanDAO.cpp">
      <Filter>Source Files\dao</Filter>
    </ClCompile>
    <ClCompile Include="UI.cpp">
      <Filter>Source Files\ui</Filter>
    </ClCompile>
  </ItemGroup>
  <ItemGroup>
    <ClInclude Include="DBConnection.h">
      <Filter>Header Files\db</Filter>
    </ClInclude>
    <ClInclude Include="Person.h">
      <Filter>Header Files\entity</Filter>
    </ClInclude>
    <ClInclude Include="Book.h">
      <Filter>Header Files\entity</Filter>
    </ClInclude>
    <ClInclude Include="Author.h">
      <Filter>Header Files\entity</Filter>
    </ClInclude>
    <ClInclude Include="BookAuthor.h">
      <Filter>Header Files\entity</Filter>
    </ClInclude>
    <ClInclude Include="Library.h">
      <Filter>Header Files\entity</Filter>
    </ClInclude>
    <ClInclude Include="Genre.h">
      <Filter>Header Files\entity</Filter>
    </ClInclude>
    <ClInclude Include="Loan.h">
      <Filter>Header Files\entity</Filter>
    </ClInclude>
    <ClInclude Include="PersonDAO.h">
      <Filter>Header Files\dao</Filter>
    </ClInclude>
    <ClInclude Include="RoleDAO.h">
      <Filter>Header Files\dao</Filter>
    </ClInclude>
    <ClInclude Include="AuthorDAO.h">
      <Filter>Header Files\dao</Filter>
    </ClInclude>
    <ClInclude Include="Role.h">
      <Filter>Header Files\entity</Filter>
    </ClInclude>
    <ClInclude Include="GenreDAO.h">
      <Filter>Header Files\dao</Filter>
    </ClInclude>
    <ClInclude Include="BookDAO.h">
      <Filter>Header Files\dao</Filter>
    </ClInclude>
    <ClInclude Include="BookAuthorDAO.h">
      <Filter>Header Files\dao</Filter>
    </ClInclude>
    <ClInclude Include="LibraryDAO.h">
      <Filter>Header Files\dao</Filter>
    </ClInclude>
    <ClInclude Include="LoanDAO.h">
      <Filter>Header Files\dao</Filter>
    </ClInclude>
    <ClInclude Include="UIPage.h">
      <Filter>Header Files\ui</Filter>
    </ClInclude>
    <ClInclude Include="UI.h">
      <Filter>Header Files\ui</Filter>
    </ClInclude>
    <ClInclude Include="UserRole.h">
      <Filter>Header Files\ui</Filter>
    </ClInclude>
    <ClInclude Include="BookStatus.h">
      <Filter>Header Files\ui</Filter>
    </ClInclude>
  </ItemGroup>
</Project>